// !$*UTF8*$!
{
	archiveVersion = 1;
	classes = {
	};
	objectVersion = 77;
	objects = {

/* Begin PBXBuildFile section */
		01C556A49C92A7B0F6607632 /* AQIPopoverView.swift in Sources */ = {isa = PBXBuildFile; fileRef = 94DF0D90601FFD77A14B6C59 /* AQIPopoverView.swift */; };
		2452E4E301327F030A298F57 /* LocationPermissionRequester.swift in Sources */ = {isa = PBXBuildFile; fileRef = 1DFB576E6130308BF20611EF /* LocationPermissionRequester.swift */; };
		403836FF0B17C95D8E95DC84 /* SelectLocationIntent.swift in Sources */ = {isa = PBXBuildFile; fileRef = 74E572388F725368967AADD0 /* SelectLocationIntent.swift */; };
		427078BFA65B40AE6C2C05F4 /* BluegullAQIKit in Frameworks */ = {isa = PBXBuildFile; productRef = 29CD4EE984C4002F98DE0F20 /* BluegullAQIKit */; };
		4460336222EEF14B6FD71337 /* AirNowAPIKeyEntryViewRenderTests.swift in Sources */ = {isa = PBXBuildFile; fileRef = F9CF59531242FB1B36E30436 /* AirNowAPIKeyEntryViewRenderTests.swift */; };
		4C8280DF320781E97397D09D /* AQISummaryComponents.swift in Sources */ = {isa = PBXBuildFile; fileRef = 74E1516B356CC6C7E81C6B68 /* AQISummaryComponents.swift */; };
		5EEE8A79D015E97DFD3CE50A /* AQIRefreshController.swift in Sources */ = {isa = PBXBuildFile; fileRef = 5D3DDDAA4F5095D4C7EA2E57 /* AQIRefreshController.swift */; };
		6E3253DF17C0E8B616192E15 /* WidgetDetailView.swift in Sources */ = {isa = PBXBuildFile; fileRef = 783032363E8C98ACB43C567D /* WidgetDetailView.swift */; };
		770B489087FA66D99F7A2B5C /* AQIPopoverViewRenderTests.swift in Sources */ = {isa = PBXBuildFile; fileRef = F293DBAC18F4A253D773482B /* AQIPopoverViewRenderTests.swift */; };
		871FB0558A605131295E5F3F /* BluegullAQIAppTests.swift in Sources */ = {isa = PBXBuildFile; fileRef = 75E15CEFFA0C4D84F7C51631 /* BluegullAQIAppTests.swift */; };
		9738D64A4EC8BB72605001C1 /* BluegullAQIWidget.appex in Embed Foundation Extensions */ = {isa = PBXBuildFile; fileRef = 1BF5CCB5AE475F922E36F8CB /* BluegullAQIWidget.appex */; settings = {ATTRIBUTES = (RemoveHeadersOnCopy, ); }; };
		AA409F954ED6E1C0C2272469 /* BluegullAQIUITests.swift in Sources */ = {isa = PBXBuildFile; fileRef = 3DB2B809FE0F30CFBF19DEAD /* BluegullAQIUITests.swift */; };
		AAF2649BF48D5C0B95C937E5 /* BluegullAQIWidget.swift in Sources */ = {isa = PBXBuildFile; fileRef = 87C92E1FBC62ED2C3A6AF83E /* BluegullAQIWidget.swift */; };
		B21829D0DCFAF09C07569584 /* SettingsView.swift in Sources */ = {isa = PBXBuildFile; fileRef = 0368C96AE5531606FE21ABC8 /* SettingsView.swift */; };
		B6AF0E167D73D61CC95AEA18 /* BluegullAQIWidgetBundle.swift in Sources */ = {isa = PBXBuildFile; fileRef = 69D792FF067E0AD051578B6B /* BluegullAQIWidgetBundle.swift */; };
		BC0993CF7949B0F55A2E3E14 /* BluegullAQIWidgetViews in Frameworks */ = {isa = PBXBuildFile; productRef = B67E75BEC9585037BEFA145E /* BluegullAQIWidgetViews */; };
		BE63DC4F12304F86E599D6EF /* BluegullAQIKit in Frameworks */ = {isa = PBXBuildFile; productRef = 061FF1679162132B4E50AAF5 /* BluegullAQIKit */; };
		D42272ED050584FDD8566EF0 /* PinnedLocationsView.swift in Sources */ = {isa = PBXBuildFile; fileRef = A6FF4D85D9F4174860650464 /* PinnedLocationsView.swift */; };
		D8FDD84174F95B26D605C510 /* AQIColor+SwiftUI.swift in Sources */ = {isa = PBXBuildFile; fileRef = 0A73E6483B532D53E15C142C /* AQIColor+SwiftUI.swift */; };
		E1E7507A9B52D1E1782B693D /* AirNowAPIKeyEntryView.swift in Sources */ = {isa = PBXBuildFile; fileRef = 58E8137294CDD512ABA44CC5 /* AirNowAPIKeyEntryView.swift */; };
		E2639B5B748EA2B51D46B85E /* PinnedLocationsViewRenderTests.swift in Sources */ = {isa = PBXBuildFile; fileRef = 4EFEF1A43790D55E8FBF88E5 /* PinnedLocationsViewRenderTests.swift */; };
		E6196997D8F5BDD24C31F431 /* DataSourceModeToggle.swift in Sources */ = {isa = PBXBuildFile; fileRef = 8B4CE51EBA7666C318923D92 /* DataSourceModeToggle.swift */; };
		F40295CE846246E89EBAA39B /* BluegullAQIApp.swift in Sources */ = {isa = PBXBuildFile; fileRef = EA88798997F7DDC1CE20DFEB /* BluegullAQIApp.swift */; };
		FCFC2C9ADCDBB9FE8B9209A4 /* DataSourceModeToggleRenderTests.swift in Sources */ = {isa = PBXBuildFile; fileRef = 361EDA2615F667C1DD54E75C /* DataSourceModeToggleRenderTests.swift */; };
/* End PBXBuildFile section */

/* Begin PBXContainerItemProxy section */
		03E8B5B9D7FC7B90BCCEBA06 /* PBXContainerItemProxy */ = {
			isa = PBXContainerItemProxy;
			containerPortal = E76519299445EF26B7302F41 /* Project object */;
			proxyType = 1;
			remoteGlobalIDString = 647EFED4004ADB5A066E3B39;
			remoteInfo = BluegullAQI;
		};
		32BF763738C78A6DD222E831 /* PBXContainerItemProxy */ = {
			isa = PBXContainerItemProxy;
			containerPortal = E76519299445EF26B7302F41 /* Project object */;
			proxyType = 1;
			remoteGlobalIDString = 647EFED4004ADB5A066E3B39;
			remoteInfo = BluegullAQI;
		};
		73A69ED4ED5D6A02150A7D05 /* PBXContainerItemProxy */ = {
			isa = PBXContainerItemProxy;
			containerPortal = E76519299445EF26B7302F41 /* Project object */;
			proxyType = 1;
			remoteGlobalIDString = 2372924C8E8574B3FF80C240;
			remoteInfo = BluegullAQIWidget;
		};
/* End PBXContainerItemProxy section */

/* Begin PBXCopyFilesBuildPhase section */
		9E7013057085D51D68D69DB9 /* Embed Foundation Extensions */ = {
			isa = PBXCopyFilesBuildPhase;
			buildActionMask = 2147483647;
			dstPath = "";
			dstSubfolderSpec = 13;
			files = (
				9738D64A4EC8BB72605001C1 /* BluegullAQIWidget.appex in Embed Foundation Extensions */,
			);
			name = "Embed Foundation Extensions";
			runOnlyForDeploymentPostprocessing = 0;
		};
/* End PBXCopyFilesBuildPhase section */

/* Begin PBXFileReference section */
		0368C96AE5531606FE21ABC8 /* SettingsView.swift */ = {isa = PBXFileReference; lastKnownFileType = sourcecode.swift; path = SettingsView.swift; sourceTree = "<group>"; };
		0A73E6483B532D53E15C142C /* AQIColor+SwiftUI.swift */ = {isa = PBXFileReference; lastKnownFileType = sourcecode.swift; path = "AQIColor+SwiftUI.swift"; sourceTree = "<group>"; };
		1BF5CCB5AE475F922E36F8CB /* BluegullAQIWidget.appex */ = {isa = PBXFileReference; explicitFileType = "wrapper.app-extension"; includeInIndex = 0; path = BluegullAQIWidget.appex; sourceTree = BUILT_PRODUCTS_DIR; };
		1DFB576E6130308BF20611EF /* LocationPermissionRequester.swift */ = {isa = PBXFileReference; lastKnownFileType = sourcecode.swift; path = LocationPermissionRequester.swift; sourceTree = "<group>"; };
		1E881DBB89A6E6CC197B91AA /* BluegullAQIWidget.entitlements */ = {isa = PBXFileReference; lastKnownFileType = text.plist.entitlements; path = BluegullAQIWidget.entitlements; sourceTree = "<group>"; };
		361EDA2615F667C1DD54E75C /* DataSourceModeToggleRenderTests.swift */ = {isa = PBXFileReference; lastKnownFileType = sourcecode.swift; path = DataSourceModeToggleRenderTests.swift; sourceTree = "<group>"; };
		3DB2B809FE0F30CFBF19DEAD /* BluegullAQIUITests.swift */ = {isa = PBXFileReference; lastKnownFileType = sourcecode.swift; path = BluegullAQIUITests.swift; sourceTree = "<group>"; };
		4EFEF1A43790D55E8FBF88E5 /* PinnedLocationsViewRenderTests.swift */ = {isa = PBXFileReference; lastKnownFileType = sourcecode.swift; path = PinnedLocationsViewRenderTests.swift; sourceTree = "<group>"; };
		58E8137294CDD512ABA44CC5 /* AirNowAPIKeyEntryView.swift */ = {isa = PBXFileReference; lastKnownFileType = sourcecode.swift; path = AirNowAPIKeyEntryView.swift; sourceTree = "<group>"; };
		5D3DDDAA4F5095D4C7EA2E57 /* AQIRefreshController.swift */ = {isa = PBXFileReference; lastKnownFileType = sourcecode.swift; path = AQIRefreshController.swift; sourceTree = "<group>"; };
		69D792FF067E0AD051578B6B /* BluegullAQIWidgetBundle.swift */ = {isa = PBXFileReference; lastKnownFileType = sourcecode.swift; path = BluegullAQIWidgetBundle.swift; sourceTree = "<group>"; };
		74E1516B356CC6C7E81C6B68 /* AQISummaryComponents.swift */ = {isa = PBXFileReference; lastKnownFileType = sourcecode.swift; path = AQISummaryComponents.swift; sourceTree = "<group>"; };
		74E572388F725368967AADD0 /* SelectLocationIntent.swift */ = {isa = PBXFileReference; lastKnownFileType = sourcecode.swift; path = SelectLocationIntent.swift; sourceTree = "<group>"; };
		759008AEA49A497893309875 /* BluegullAQIUITests.xctest */ = {isa = PBXFileReference; explicitFileType = wrapper.cfbundle; includeInIndex = 0; path = BluegullAQIUITests.xctest; sourceTree = BUILT_PRODUCTS_DIR; };
		75E15CEFFA0C4D84F7C51631 /* BluegullAQIAppTests.swift */ = {isa = PBXFileReference; lastKnownFileType = sourcecode.swift; path = BluegullAQIAppTests.swift; sourceTree = "<group>"; };
		783032363E8C98ACB43C567D /* WidgetDetailView.swift */ = {isa = PBXFileReference; lastKnownFileType = sourcecode.swift; path = WidgetDetailView.swift; sourceTree = "<group>"; };
		78E63CABA446126A185117F4 /* Info.plist */ = {isa = PBXFileReference; lastKnownFileType = text.plist; path = Info.plist; sourceTree = "<group>"; };
		87C92E1FBC62ED2C3A6AF83E /* BluegullAQIWidget.swift */ = {isa = PBXFileReference; lastKnownFileType = sourcecode.swift; path = BluegullAQIWidget.swift; sourceTree = "<group>"; };
		8B4CE51EBA7666C318923D92 /* DataSourceModeToggle.swift */ = {isa = PBXFileReference; lastKnownFileType = sourcecode.swift; path = DataSourceModeToggle.swift; sourceTree = "<group>"; };
		8DF9717EF0E478DFF3E50972 /* BluegullAQI.entitlements */ = {isa = PBXFileReference; lastKnownFileType = text.plist.entitlements; path = BluegullAQI.entitlements; sourceTree = "<group>"; };
		94DF0D90601FFD77A14B6C59 /* AQIPopoverView.swift */ = {isa = PBXFileReference; lastKnownFileType = sourcecode.swift; path = AQIPopoverView.swift; sourceTree = "<group>"; };
		A10EFC3DAE75FC4C90704A53 /* BluegullAQITests.xctest */ = {isa = PBXFileReference; explicitFileType = wrapper.cfbundle; includeInIndex = 0; path = BluegullAQITests.xctest; sourceTree = BUILT_PRODUCTS_DIR; };
		A6FF4D85D9F4174860650464 /* PinnedLocationsView.swift */ = {isa = PBXFileReference; lastKnownFileType = sourcecode.swift; path = PinnedLocationsView.swift; sourceTree = "<group>"; };
		AE24C4D71880AB1923A56D17 /* BluegullAQI.app */ = {isa = PBXFileReference; explicitFileType = wrapper.application; includeInIndex = 0; path = BluegullAQI.app; sourceTree = BUILT_PRODUCTS_DIR; };
		C8D7369A6C5E7049CC45ECB0 /* BluegullAQIKit */ = {isa = PBXFileReference; lastKnownFileType = folder; name = BluegullAQIKit; path = BluegullAQIKit; sourceTree = SOURCE_ROOT; };
		D915A79973D2B1B533D5E97C /* Info.plist */ = {isa = PBXFileReference; lastKnownFileType = text.plist; path = Info.plist; sourceTree = "<group>"; };
		EA88798997F7DDC1CE20DFEB /* BluegullAQIApp.swift */ = {isa = PBXFileReference; lastKnownFileType = sourcecode.swift; path = BluegullAQIApp.swift; sourceTree = "<group>"; };
		F293DBAC18F4A253D773482B /* AQIPopoverViewRenderTests.swift */ = {isa = PBXFileReference; lastKnownFileType = sourcecode.swift; path = AQIPopoverViewRenderTests.swift; sourceTree = "<group>"; };
		F9CF59531242FB1B36E30436 /* AirNowAPIKeyEntryViewRenderTests.swift */ = {isa = PBXFileReference; lastKnownFileType = sourcecode.swift; path = AirNowAPIKeyEntryViewRenderTests.swift; sourceTree = "<group>"; };
/* End PBXFileReference section */

/* Begin PBXFrameworksBuildPhase section */
		23A21CD759B5D8EC36BE0E82 /* Frameworks */ = {
			isa = PBXFrameworksBuildPhase;
			buildActionMask = 2147483647;
			files = (
				BE63DC4F12304F86E599D6EF /* BluegullAQIKit in Frameworks */,
				BC0993CF7949B0F55A2E3E14 /* BluegullAQIWidgetViews in Frameworks */,
			);
			runOnlyForDeploymentPostprocessing = 0;
		};
		8E54CF753CB1D42FE38A6CE4 /* Frameworks */ = {
			isa = PBXFrameworksBuildPhase;
			buildActionMask = 2147483647;
			files = (
				427078BFA65B40AE6C2C05F4 /* BluegullAQIKit in Frameworks */,
			);
			runOnlyForDeploymentPostprocessing = 0;
		};
/* End PBXFrameworksBuildPhase section */

/* Begin PBXGroup section */
		2946457F9C2FBE532459D308 /* BluegullAQIWidget */ = {
			isa = PBXGroup;
			children = (
				1E881DBB89A6E6CC197B91AA /* BluegullAQIWidget.entitlements */,
				87C92E1FBC62ED2C3A6AF83E /* BluegullAQIWidget.swift */,
				69D792FF067E0AD051578B6B /* BluegullAQIWidgetBundle.swift */,
				78E63CABA446126A185117F4 /* Info.plist */,
				74E572388F725368967AADD0 /* SelectLocationIntent.swift */,
			);
			path = BluegullAQIWidget;
			sourceTree = "<group>";
		};
		3EF8FCBFC89E26073468FCCE /* BluegullAQITests */ = {
			isa = PBXGroup;
			children = (
				F9CF59531242FB1B36E30436 /* AirNowAPIKeyEntryViewRenderTests.swift */,
				F293DBAC18F4A253D773482B /* AQIPopoverViewRenderTests.swift */,
				75E15CEFFA0C4D84F7C51631 /* BluegullAQIAppTests.swift */,
				361EDA2615F667C1DD54E75C /* DataSourceModeToggleRenderTests.swift */,
				4EFEF1A43790D55E8FBF88E5 /* PinnedLocationsViewRenderTests.swift */,
			);
			path = BluegullAQITests;
			sourceTree = "<group>";
		};
		4A93D9E051D71F82DE70361B /* Products */ = {
			isa = PBXGroup;
			children = (
				AE24C4D71880AB1923A56D17 /* BluegullAQI.app */,
				A10EFC3DAE75FC4C90704A53 /* BluegullAQITests.xctest */,
				759008AEA49A497893309875 /* BluegullAQIUITests.xctest */,
				1BF5CCB5AE475F922E36F8CB /* BluegullAQIWidget.appex */,
			);
			name = Products;
			sourceTree = "<group>";
		};
		522FE771E365547AE506361C /* BluegullAQI */ = {
			isa = PBXGroup;
			children = (
				58E8137294CDD512ABA44CC5 /* AirNowAPIKeyEntryView.swift */,
				0A73E6483B532D53E15C142C /* AQIColor+SwiftUI.swift */,
				94DF0D90601FFD77A14B6C59 /* AQIPopoverView.swift */,
				5D3DDDAA4F5095D4C7EA2E57 /* AQIRefreshController.swift */,
				74E1516B356CC6C7E81C6B68 /* AQISummaryComponents.swift */,
				8DF9717EF0E478DFF3E50972 /* BluegullAQI.entitlements */,
				EA88798997F7DDC1CE20DFEB /* BluegullAQIApp.swift */,
				8B4CE51EBA7666C318923D92 /* DataSourceModeToggle.swift */,
				D915A79973D2B1B533D5E97C /* Info.plist */,
				1DFB576E6130308BF20611EF /* LocationPermissionRequester.swift */,
				A6FF4D85D9F4174860650464 /* PinnedLocationsView.swift */,
				0368C96AE5531606FE21ABC8 /* SettingsView.swift */,
				783032363E8C98ACB43C567D /* WidgetDetailView.swift */,
			);
			path = BluegullAQI;
			sourceTree = "<group>";
		};
		554D733C257A5F69254219F0 /* Packages */ = {
			isa = PBXGroup;
			children = (
				C8D7369A6C5E7049CC45ECB0 /* BluegullAQIKit */,
			);
			name = Packages;
			sourceTree = "<group>";
		};
		7B8F7F6DE3D5670266D4EF51 = {
			isa = PBXGroup;
			children = (
				522FE771E365547AE506361C /* BluegullAQI */,
				3EF8FCBFC89E26073468FCCE /* BluegullAQITests */,
				F3C606D6CD2EF8494E57EBE7 /* BluegullAQIUITests */,
				2946457F9C2FBE532459D308 /* BluegullAQIWidget */,
				554D733C257A5F69254219F0 /* Packages */,
				4A93D9E051D71F82DE70361B /* Products */,
			);
			sourceTree = "<group>";
		};
		F3C606D6CD2EF8494E57EBE7 /* BluegullAQIUITests */ = {
			isa = PBXGroup;
			children = (
				3DB2B809FE0F30CFBF19DEAD /* BluegullAQIUITests.swift */,
			);
			path = BluegullAQIUITests;
			sourceTree = "<group>";
		};
/* End PBXGroup section */

/* Begin PBXNativeTarget section */
		2372924C8E8574B3FF80C240 /* BluegullAQIWidget */ = {
			isa = PBXNativeTarget;
			buildConfigurationList = F36A57FA27EF3C39CF10F691 /* Build configuration list for PBXNativeTarget "BluegullAQIWidget" */;
			buildPhases = (
				D2682277AC164E1DA6B8FB60 /* Sources */,
				23A21CD759B5D8EC36BE0E82 /* Frameworks */,
			);
			buildRules = (
			);
			dependencies = (
			);
			name = BluegullAQIWidget;
			packageProductDependencies = (
				061FF1679162132B4E50AAF5 /* BluegullAQIKit */,
				B67E75BEC9585037BEFA145E /* BluegullAQIWidgetViews */,
			);
			productName = BluegullAQIWidget;
			productReference = 1BF5CCB5AE475F922E36F8CB /* BluegullAQIWidget.appex */;
			productType = "com.apple.product-type.app-extension";
		};
		2CD144F3A5A3634E088A1A34 /* BluegullAQITests */ = {
			isa = PBXNativeTarget;
			buildConfigurationList = 341C94A98089A9A706F5016B /* Build configuration list for PBXNativeTarget "BluegullAQITests" */;
			buildPhases = (
				14117FCC047E3D45EB2D9DA3 /* Sources */,
			);
			buildRules = (
			);
			dependencies = (
				A9219094BD25CF1DCF8973BE /* PBXTargetDependency */,
			);
			name = BluegullAQITests;
			packageProductDependencies = (
			);
			productName = BluegullAQITests;
			productReference = A10EFC3DAE75FC4C90704A53 /* BluegullAQITests.xctest */;
			productType = "com.apple.product-type.bundle.unit-test";
		};
		4DA2FB6EEEC10313FF261E10 /* BluegullAQIUITests */ = {
			isa = PBXNativeTarget;
			buildConfigurationList = AD1B10B88B4636003ADC0B3D /* Build configuration list for PBXNativeTarget "BluegullAQIUITests" */;
			buildPhases = (
				252F0BE79B4F5552191A2694 /* Sources */,
			);
			buildRules = (
			);
			dependencies = (
				C0B33B12CE3AF2C3A6CAD84B /* PBXTargetDependency */,
			);
			name = BluegullAQIUITests;
			packageProductDependencies = (
			);
			productName = BluegullAQIUITests;
			productReference = 759008AEA49A497893309875 /* BluegullAQIUITests.xctest */;
			productType = "com.apple.product-type.bundle.ui-testing";
		};
		647EFED4004ADB5A066E3B39 /* BluegullAQI */ = {
			isa = PBXNativeTarget;
			buildConfigurationList = 6DB44C282CAF0F7B251974BF /* Build configuration list for PBXNativeTarget "BluegullAQI" */;
			buildPhases = (
				96BB01B51E1BCF0C5BF263DC /* Sources */,
				8E54CF753CB1D42FE38A6CE4 /* Frameworks */,
				9E7013057085D51D68D69DB9 /* Embed Foundation Extensions */,
			);
			buildRules = (
			);
			dependencies = (
				99F119791EC862D243D35A07 /* PBXTargetDependency */,
			);
			name = BluegullAQI;
			packageProductDependencies = (
				29CD4EE984C4002F98DE0F20 /* BluegullAQIKit */,
			);
			productName = BluegullAQI;
			productReference = AE24C4D71880AB1923A56D17 /* BluegullAQI.app */;
			productType = "com.apple.product-type.application";
		};
/* End PBXNativeTarget section */

/* Begin PBXProject section */
		E76519299445EF26B7302F41 /* Project object */ = {
			isa = PBXProject;
			attributes = {
				BuildIndependentTargetsInParallel = YES;
				LastUpgradeCheck = 1430;
				TargetAttributes = {
					2372924C8E8574B3FF80C240 = {
						DevelopmentTeam = G5DWPBWHQ5;
						ProvisioningStyle = Automatic;
					};
					2CD144F3A5A3634E088A1A34 = {
						ProvisioningStyle = Automatic;
					};
					4DA2FB6EEEC10313FF261E10 = {
						ProvisioningStyle = Automatic;
						TestTargetID = 647EFED4004ADB5A066E3B39;
					};
					647EFED4004ADB5A066E3B39 = {
						DevelopmentTeam = G5DWPBWHQ5;
						ProvisioningStyle = Automatic;
					};
				};
			};
			buildConfigurationList = C60EC0D01FAC5090551A4779 /* Build configuration list for PBXProject "BluegullAQI" */;
			developmentRegion = en;
			hasScannedForEncodings = 0;
			knownRegions = (
				Base,
				en,
			);
			mainGroup = 7B8F7F6DE3D5670266D4EF51;
			minimizedProjectReferenceProxies = 1;
			packageReferences = (
				30C3CD50244877BC892F03C8 /* XCLocalSwiftPackageReference "BluegullAQIKit" */,
			);
			preferredProjectObjectVersion = 77;
			productRefGroup = 4A93D9E051D71F82DE70361B /* Products */;
			projectDirPath = "";
			projectRoot = "";
			targets = (
				647EFED4004ADB5A066E3B39 /* BluegullAQI */,
				2372924C8E8574B3FF80C240 /* BluegullAQIWidget */,
				2CD144F3A5A3634E088A1A34 /* BluegullAQITests */,
				4DA2FB6EEEC10313FF261E10 /* BluegullAQIUITests */,
			);
		};
/* End PBXProject section */

/* Begin PBXSourcesBuildPhase section */
		14117FCC047E3D45EB2D9DA3 /* Sources */ = {
			isa = PBXSourcesBuildPhase;
			buildActionMask = 2147483647;
			files = (
				770B489087FA66D99F7A2B5C /* AQIPopoverViewRenderTests.swift in Sources */,
				4460336222EEF14B6FD71337 /* AirNowAPIKeyEntryViewRenderTests.swift in Sources */,
				871FB0558A605131295E5F3F /* BluegullAQIAppTests.swift in Sources */,
				FCFC2C9ADCDBB9FE8B9209A4 /* DataSourceModeToggleRenderTests.swift in Sources */,
				E2639B5B748EA2B51D46B85E /* PinnedLocationsViewRenderTests.swift in Sources */,
			);
			runOnlyForDeploymentPostprocessing = 0;
		};
		252F0BE79B4F5552191A2694 /* Sources */ = {
			isa = PBXSourcesBuildPhase;
			buildActionMask = 2147483647;
			files = (
				AA409F954ED6E1C0C2272469 /* BluegullAQIUITests.swift in Sources */,
			);
			runOnlyForDeploymentPostprocessing = 0;
		};
		96BB01B51E1BCF0C5BF263DC /* Sources */ = {
			isa = PBXSourcesBuildPhase;
			buildActionMask = 2147483647;
			files = (
				D8FDD84174F95B26D605C510 /* AQIColor+SwiftUI.swift in Sources */,
				01C556A49C92A7B0F6607632 /* AQIPopoverView.swift in Sources */,
				5EEE8A79D015E97DFD3CE50A /* AQIRefreshController.swift in Sources */,
				4C8280DF320781E97397D09D /* AQISummaryComponents.swift in Sources */,
				E1E7507A9B52D1E1782B693D /* AirNowAPIKeyEntryView.swift in Sources */,
				F40295CE846246E89EBAA39B /* BluegullAQIApp.swift in Sources */,
				E6196997D8F5BDD24C31F431 /* DataSourceModeToggle.swift in Sources */,
				2452E4E301327F030A298F57 /* LocationPermissionRequester.swift in Sources */,
				D42272ED050584FDD8566EF0 /* PinnedLocationsView.swift in Sources */,
				B21829D0DCFAF09C07569584 /* SettingsView.swift in Sources */,
				6E3253DF17C0E8B616192E15 /* WidgetDetailView.swift in Sources */,
			);
			runOnlyForDeploymentPostprocessing = 0;
		};
		D2682277AC164E1DA6B8FB60 /* Sources */ = {
			isa = PBXSourcesBuildPhase;
			buildActionMask = 2147483647;
			files = (
				AAF2649BF48D5C0B95C937E5 /* BluegullAQIWidget.swift in Sources */,
				B6AF0E167D73D61CC95AEA18 /* BluegullAQIWidgetBundle.swift in Sources */,
				403836FF0B17C95D8E95DC84 /* SelectLocationIntent.swift in Sources */,
			);
			runOnlyForDeploymentPostprocessing = 0;
		};
/* End PBXSourcesBuildPhase section */

/* Begin PBXTargetDependency section */
		99F119791EC862D243D35A07 /* PBXTargetDependency */ = {
			isa = PBXTargetDependency;
			target = 2372924C8E8574B3FF80C240 /* BluegullAQIWidget */;
			targetProxy = 73A69ED4ED5D6A02150A7D05 /* PBXContainerItemProxy */;
		};
		A9219094BD25CF1DCF8973BE /* PBXTargetDependency */ = {
			isa = PBXTargetDependency;
			target = 647EFED4004ADB5A066E3B39 /* BluegullAQI */;
			targetProxy = 03E8B5B9D7FC7B90BCCEBA06 /* PBXContainerItemProxy */;
		};
		C0B33B12CE3AF2C3A6CAD84B /* PBXTargetDependency */ = {
			isa = PBXTargetDependency;
			target = 647EFED4004ADB5A066E3B39 /* BluegullAQI */;
			targetProxy = 32BF763738C78A6DD222E831 /* PBXContainerItemProxy */;
		};
/* End PBXTargetDependency section */

/* Begin XCBuildConfiguration section */
		010788DF558BB3F88E2AF26B /* Debug */ = {
			isa = XCBuildConfiguration;
			buildSettings = {
				ASSETCATALOG_COMPILER_APPICON_NAME = AppIcon;
				CODE_SIGN_ENTITLEMENTS = BluegullAQI/BluegullAQI.entitlements;
				CODE_SIGN_STYLE = Automatic;
				COMBINE_HIDPI_IMAGES = YES;
				CURRENT_PROJECT_VERSION = 1;
				DEVELOPMENT_TEAM = G5DWPBWHQ5;
				ENABLE_HARDENED_RUNTIME = YES;
				INFOPLIST_FILE = BluegullAQI/Info.plist;
				LD_RUNPATH_SEARCH_PATHS = (
					"$(inherited)",
					"@executable_path/../Frameworks",
				);
				MARKETING_VERSION = 1.0;
				PRODUCT_BUNDLE_IDENTIFIER = solutions.bluegull.aqi;
				SDKROOT = macosx;
			};
			name = Debug;
		};
		063350831EFEA86D6BF6E7CF /* Release */ = {
			isa = XCBuildConfiguration;
			buildSettings = {
				CODE_SIGN_ENTITLEMENTS = BluegullAQIWidget/BluegullAQIWidget.entitlements;
				CODE_SIGN_STYLE = Automatic;
				COMBINE_HIDPI_IMAGES = YES;
				CURRENT_PROJECT_VERSION = 1;
				DEVELOPMENT_TEAM = G5DWPBWHQ5;
				ENABLE_HARDENED_RUNTIME = YES;
				INFOPLIST_FILE = BluegullAQIWidget/Info.plist;
				LD_RUNPATH_SEARCH_PATHS = (
					"$(inherited)",
					"@executable_path/../Frameworks",
					"@executable_path/../../../../Frameworks",
				);
				MARKETING_VERSION = 1.0;
				PRODUCT_BUNDLE_IDENTIFIER = solutions.bluegull.aqi.widget;
				SDKROOT = macosx;
			};
			name = Release;
		};
		1B39B3BF65273F69E4312D8D /* Debug */ = {
			isa = XCBuildConfiguration;
			buildSettings = {
				BUNDLE_LOADER = "$(TEST_HOST)";
				CODE_SIGN_STYLE = Automatic;
				COMBINE_HIDPI_IMAGES = YES;
				LD_RUNPATH_SEARCH_PATHS = (
					"$(inherited)",
					"@executable_path/../Frameworks",
					"@loader_path/../Frameworks",
				);
				PRODUCT_BUNDLE_IDENTIFIER = solutions.bluegull.BluegullAQITests;
				SDKROOT = macosx;
				TEST_HOST = "$(BUILT_PRODUCTS_DIR)/BluegullAQI.app/Contents/MacOS/BluegullAQI";
			};
			name = Debug;
		};
		6F7AAAE3EA4DA0C3AE582546 /* Release */ = {
			isa = XCBuildConfiguration;
			buildSettings = {
				ALWAYS_SEARCH_USER_PATHS = NO;
				CLANG_ANALYZER_NONNULL = YES;
				CLANG_ANALYZER_NUMBER_OBJECT_CONVERSION = YES_AGGRESSIVE;
				CLANG_CXX_LANGUAGE_STANDARD = "gnu++14";
				CLANG_CXX_LIBRARY = "libc++";
				CLANG_ENABLE_MODULES = YES;
				CLANG_ENABLE_OBJC_ARC = YES;
				CLANG_ENABLE_OBJC_WEAK = YES;
				CLANG_WARN_BLOCK_CAPTURE_AUTORELEASING = YES;
				CLANG_WARN_BOOL_CONVERSION = YES;
				CLANG_WARN_COMMA = YES;
				CLANG_WARN_CONSTANT_CONVERSION = YES;
				CLANG_WARN_DEPRECATED_OBJC_IMPLEMENTATIONS = YES;
				CLANG_WARN_DIRECT_OBJC_ISA_USAGE = YES_ERROR;
				CLANG_WARN_DOCUMENTATION_COMMENTS = YES;
				CLANG_WARN_EMPTY_BODY = YES;
				CLANG_WARN_ENUM_CONVERSION = YES;
				CLANG_WARN_INFINITE_RECURSION = YES;
				CLANG_WARN_INT_CONVERSION = YES;
				CLANG_WARN_NON_LITERAL_NULL_CONVERSION = YES;
				CLANG_WARN_OBJC_IMPLICIT_RETAIN_SELF = YES;
				CLANG_WARN_OBJC_LITERAL_CONVERSION = YES;
				CLANG_WARN_OBJC_ROOT_CLASS = YES_ERROR;
				CLANG_WARN_QUOTED_INCLUDE_IN_FRAMEWORK_HEADER = YES;
				CLANG_WARN_RANGE_LOOP_ANALYSIS = YES;
				CLANG_WARN_STRICT_PROTOTYPES = YES;
				CLANG_WARN_SUSPICIOUS_MOVE = YES;
				CLANG_WARN_UNGUARDED_AVAILABILITY = YES_AGGRESSIVE;
				CLANG_WARN_UNREACHABLE_CODE = YES;
				CLANG_WARN__DUPLICATE_METHOD_MATCH = YES;
				COPY_PHASE_STRIP = NO;
				DEBUG_INFORMATION_FORMAT = "dwarf-with-dsym";
				ENABLE_NS_ASSERTIONS = NO;
				ENABLE_STRICT_OBJC_MSGSEND = YES;
				GCC_C_LANGUAGE_STANDARD = gnu11;
				GCC_NO_COMMON_BLOCKS = YES;
				GCC_WARN_64_TO_32_BIT_CONVERSION = YES;
				GCC_WARN_ABOUT_RETURN_TYPE = YES_ERROR;
				GCC_WARN_UNDECLARED_SELECTOR = YES;
				GCC_WARN_UNINITIALIZED_AUTOS = YES_AGGRESSIVE;
				GCC_WARN_UNUSED_FUNCTION = YES;
				GCC_WARN_UNUSED_VARIABLE = YES;
				MACOSX_DEPLOYMENT_TARGET = 14.0;
				MTL_ENABLE_DEBUG_INFO = NO;
				MTL_FAST_MATH = YES;
				PRODUCT_NAME = "$(TARGET_NAME)";
				SDKROOT = macosx;
				SWIFT_COMPILATION_MODE = wholemodule;
				SWIFT_OPTIMIZATION_LEVEL = "-O";
				SWIFT_VERSION = 5.0;
			};
			name = Release;
		};
		9065F109489B95E5E140746D /* Release */ = {
			isa = XCBuildConfiguration;
			buildSettings = {
				BUNDLE_LOADER = "$(TEST_HOST)";
				CODE_SIGN_STYLE = Automatic;
				COMBINE_HIDPI_IMAGES = YES;
				LD_RUNPATH_SEARCH_PATHS = (
					"$(inherited)",
					"@executable_path/Frameworks",
					"@loader_path/Frameworks",
				);
				PRODUCT_BUNDLE_IDENTIFIER = solutions.bluegull.BluegullAQIUITests;
				SDKROOT = macosx;
				TEST_TARGET_NAME = BluegullAQI;
			};
			name = Release;
		};
		98F7E6A645CBA8F94DAEA9E4 /* Debug */ = {
			isa = XCBuildConfiguration;
			buildSettings = {
				CODE_SIGN_ENTITLEMENTS = BluegullAQIWidget/BluegullAQIWidget.entitlements;
				CODE_SIGN_STYLE = Automatic;
				COMBINE_HIDPI_IMAGES = YES;
				CURRENT_PROJECT_VERSION = 1;
				DEVELOPMENT_TEAM = G5DWPBWHQ5;
				ENABLE_HARDENED_RUNTIME = YES;
				INFOPLIST_FILE = BluegullAQIWidget/Info.plist;
				LD_RUNPATH_SEARCH_PATHS = (
					"$(inherited)",
					"@executable_path/../Frameworks",
					"@executable_path/../../../../Frameworks",
				);
				MARKETING_VERSION = 1.0;
				PRODUCT_BUNDLE_IDENTIFIER = solutions.bluegull.aqi.widget;
				SDKROOT = macosx;
			};
			name = Debug;
		};
		A5C319AB2316512ABF72F5AD /* Debug */ = {
			isa = XCBuildConfiguration;
			buildSettings = {
				ALWAYS_SEARCH_USER_PATHS = NO;
				CLANG_ANALYZER_NONNULL = YES;
				CLANG_ANALYZER_NUMBER_OBJECT_CONVERSION = YES_AGGRESSIVE;
				CLANG_CXX_LANGUAGE_STANDARD = "gnu++14";
				CLANG_CXX_LIBRARY = "libc++";
				CLANG_ENABLE_MODULES = YES;
				CLANG_ENABLE_OBJC_ARC = YES;
				CLANG_ENABLE_OBJC_WEAK = YES;
				CLANG_WARN_BLOCK_CAPTURE_AUTORELEASING = YES;
				CLANG_WARN_BOOL_CONVERSION = YES;
				CLANG_WARN_COMMA = YES;
				CLANG_WARN_CONSTANT_CONVERSION = YES;
				CLANG_WARN_DEPRECATED_OBJC_IMPLEMENTATIONS = YES;
				CLANG_WARN_DIRECT_OBJC_ISA_USAGE = YES_ERROR;
				CLANG_WARN_DOCUMENTATION_COMMENTS = YES;
				CLANG_WARN_EMPTY_BODY = YES;
				CLANG_WARN_ENUM_CONVERSION = YES;
				CLANG_WARN_INFINITE_RECURSION = YES;
				CLANG_WARN_INT_CONVERSION = YES;
				CLANG_WARN_NON_LITERAL_NULL_CONVERSION = YES;
				CLANG_WARN_OBJC_IMPLICIT_RETAIN_SELF = YES;
				CLANG_WARN_OBJC_LITERAL_CONVERSION = YES;
				CLANG_WARN_OBJC_ROOT_CLASS = YES_ERROR;
				CLANG_WARN_QUOTED_INCLUDE_IN_FRAMEWORK_HEADER = YES;
				CLANG_WARN_RANGE_LOOP_ANALYSIS = YES;
				CLANG_WARN_STRICT_PROTOTYPES = YES;
				CLANG_WARN_SUSPICIOUS_MOVE = YES;
				CLANG_WARN_UNGUARDED_AVAILABILITY = YES_AGGRESSIVE;
				CLANG_WARN_UNREACHABLE_CODE = YES;
				CLANG_WARN__DUPLICATE_METHOD_MATCH = YES;
				COPY_PHASE_STRIP = NO;
				DEBUG_INFORMATION_FORMAT = dwarf;
				ENABLE_STRICT_OBJC_MSGSEND = YES;
				ENABLE_TESTABILITY = YES;
				GCC_C_LANGUAGE_STANDARD = gnu11;
				GCC_DYNAMIC_NO_PIC = NO;
				GCC_NO_COMMON_BLOCKS = YES;
				GCC_OPTIMIZATION_LEVEL = 0;
				GCC_PREPROCESSOR_DEFINITIONS = (
					"$(inherited)",
					"DEBUG=1",
				);
				GCC_WARN_64_TO_32_BIT_CONVERSION = YES;
				GCC_WARN_ABOUT_RETURN_TYPE = YES_ERROR;
				GCC_WARN_UNDECLARED_SELECTOR = YES;
				GCC_WARN_UNINITIALIZED_AUTOS = YES_AGGRESSIVE;
				GCC_WARN_UNUSED_FUNCTION = YES;
				GCC_WARN_UNUSED_VARIABLE = YES;
				MACOSX_DEPLOYMENT_TARGET = 14.0;
				MTL_ENABLE_DEBUG_INFO = INCLUDE_SOURCE;
				MTL_FAST_MATH = YES;
				ONLY_ACTIVE_ARCH = YES;
				PRODUCT_NAME = "$(TARGET_NAME)";
				SDKROOT = macosx;
				SWIFT_ACTIVE_COMPILATION_CONDITIONS = DEBUG;
				SWIFT_OPTIMIZATION_LEVEL = "-Onone";
				SWIFT_VERSION = 5.0;
			};
			name = Debug;
		};
		D5FADFFF60D45A31AA517A8B /* Release */ = {
			isa = XCBuildConfiguration;
			buildSettings = {
				BUNDLE_LOADER = "$(TEST_HOST)";
				CODE_SIGN_STYLE = Automatic;
				COMBINE_HIDPI_IMAGES = YES;
				LD_RUNPATH_SEARCH_PATHS = (
					"$(inherited)",
					"@executable_path/../Frameworks",
					"@loader_path/../Frameworks",
				);
				PRODUCT_BUNDLE_IDENTIFIER = solutions.bluegull.BluegullAQITests;
				SDKROOT = macosx;
				TEST_HOST = "$(BUILT_PRODUCTS_DIR)/BluegullAQI.app/Contents/MacOS/BluegullAQI";
			};
			name = Release;
		};
		F328FE4E77C0632EAA7B3080 /* Release */ = {
			isa = XCBuildConfiguration;
			buildSettings = {
				ASSETCATALOG_COMPILER_APPICON_NAME = AppIcon;
				CODE_SIGN_ENTITLEMENTS = BluegullAQI/BluegullAQI.entitlements;
				CODE_SIGN_STYLE = Automatic;
				COMBINE_HIDPI_IMAGES = YES;
				CURRENT_PROJECT_VERSION = 1;
				DEVELOPMENT_TEAM = G5DWPBWHQ5;
				ENABLE_HARDENED_RUNTIME = YES;
				INFOPLIST_FILE = BluegullAQI/Info.plist;
				LD_RUNPATH_SEARCH_PATHS = (
					"$(inherited)",
					"@executable_path/../Frameworks",
				);
				MARKETING_VERSION = 1.0;
				PRODUCT_BUNDLE_IDENTIFIER = solutions.bluegull.aqi;
				SDKROOT = macosx;
			};
			name = Release;
		};
		F9BE91A19592B58E7B483AB0 /* Debug */ = {
			isa = XCBuildConfiguration;
			buildSettings = {
				BUNDLE_LOADER = "$(TEST_HOST)";
				CODE_SIGN_STYLE = Automatic;
				COMBINE_HIDPI_IMAGES = YES;
				LD_RUNPATH_SEARCH_PATHS = (
					"$(inherited)",
					"@executable_path/Frameworks",
					"@loader_path/Frameworks",
				);
				PRODUCT_BUNDLE_IDENTIFIER = solutions.bluegull.BluegullAQIUITests;
				SDKROOT = macosx;
				TEST_TARGET_NAME = BluegullAQI;
			};
			name = Debug;
		};
/* End XCBuildConfiguration section */

/* Begin XCConfigurationList section */
		341C94A98089A9A706F5016B /* Build configuration list for PBXNativeTarget "BluegullAQITests" */ = {
			isa = XCConfigurationList;
			buildConfigurations = (
				1B39B3BF65273F69E4312D8D /* Debug */,
				D5FADFFF60D45A31AA517A8B /* Release */,
			);
			defaultConfigurationIsVisible = 0;
			defaultConfigurationName = Debug;
		};
		6DB44C282CAF0F7B251974BF /* Build configuration list for PBXNativeTarget "BluegullAQI" */ = {
			isa = XCConfigurationList;
			buildConfigurations = (
				010788DF558BB3F88E2AF26B /* Debug */,
				F328FE4E77C0632EAA7B3080 /* Release */,
			);
			defaultConfigurationIsVisible = 0;
			defaultConfigurationName = Debug;
		};
		AD1B10B88B4636003ADC0B3D /* Build configuration list for PBXNativeTarget "BluegullAQIUITests" */ = {
			isa = XCConfigurationList;
			buildConfigurations = (
				F9BE91A19592B58E7B483AB0 /* Debug */,
				9065F109489B95E5E140746D /* Release */,
			);
			defaultConfigurationIsVisible = 0;
			defaultConfigurationName = Debug;
		};
		C60EC0D01FAC5090551A4779 /* Build configuration list for PBXProject "BluegullAQI" */ = {
			isa = XCConfigurationList;
			buildConfigurations = (
				A5C319AB2316512ABF72F5AD /* Debug */,
				6F7AAAE3EA4DA0C3AE582546 /* Release */,
			);
			defaultConfigurationIsVisible = 0;
			defaultConfigurationName = Debug;
		};
		F36A57FA27EF3C39CF10F691 /* Build configuration list for PBXNativeTarget "BluegullAQIWidget" */ = {
			isa = XCConfigurationList;
			buildConfigurations = (
				98F7E6A645CBA8F94DAEA9E4 /* Debug */,
				063350831EFEA86D6BF6E7CF /* Release */,
			);
			defaultConfigurationIsVisible = 0;
			defaultConfigurationName = Debug;
		};
/* End XCConfigurationList section */

/* Begin XCLocalSwiftPackageReference section */
		30C3CD50244877BC892F03C8 /* XCLocalSwiftPackageReference "BluegullAQIKit" */ = {
			isa = XCLocalSwiftPackageReference;
			relativePath = BluegullAQIKit;
		};
/* End XCLocalSwiftPackageReference section */

/* Begin XCSwiftPackageProductDependency section */
		061FF1679162132B4E50AAF5 /* BluegullAQIKit */ = {
			isa = XCSwiftPackageProductDependency;
			productName = BluegullAQIKit;
		};
		29CD4EE984C4002F98DE0F20 /* BluegullAQIKit */ = {
			isa = XCSwiftPackageProductDependency;
			productName = BluegullAQIKit;
		};
		B67E75BEC9585037BEFA145E /* BluegullAQIWidgetViews */ = {
			isa = XCSwiftPackageProductDependency;
			productName = BluegullAQIWidgetViews;
		};
/* End XCSwiftPackageProductDependency section */
	};
	rootObject = E76519299445EF26B7302F41 /* Project object */;
}
